// !$*UTF8*$!
{
	archiveVersion = 1;
	classes = {
	};
	objectVersion = 51;
	objects = {

/* Begin PBXBuildFile section */
		27A7A25B4E44060262C639D0 /* Pods_PlayProject.framework in Frameworks */ = {isa = PBXBuildFile; fileRef = 3F1CB67225FB0F8339FF5D91 /* Pods_PlayProject.framework */; };
		E5C0EA4123F40998000E5A54 /* AppDelegate.swift in Sources */ = {isa = PBXBuildFile; fileRef = E5C0EA4023F40998000E5A54 /* AppDelegate.swift */; };
		E5C0EA4323F40998000E5A54 /* SceneDelegate.swift in Sources */ = {isa = PBXBuildFile; fileRef = E5C0EA4223F40998000E5A54 /* SceneDelegate.swift */; };
		E5C0EA4523F40998000E5A54 /* ViewController.swift in Sources */ = {isa = PBXBuildFile; fileRef = E5C0EA4423F40998000E5A54 /* ViewController.swift */; };
		E5C0EA4A23F4099C000E5A54 /* Assets.xcassets in Resources */ = {isa = PBXBuildFile; fileRef = E5C0EA4923F4099C000E5A54 /* Assets.xcassets */; };
		E5C0EA4D23F4099C000E5A54 /* LaunchScreen.storyboard in Resources */ = {isa = PBXBuildFile; fileRef = E5C0EA4B23F4099C000E5A54 /* LaunchScreen.storyboard */; };
		E5C0EA5623F40C5A000E5A54 /* UIView+Autolayout.swift in Sources */ = {isa = PBXBuildFile; fileRef = E5C0EA5523F40C5A000E5A54 /* UIView+Autolayout.swift */; };
		E5C0EA5823F40CC8000E5A54 /* StaticVC.swift in Sources */ = {isa = PBXBuildFile; fileRef = E5C0EA5723F40CC8000E5A54 /* StaticVC.swift */; };
		E5C0EA5A23F40CDF000E5A54 /* TableVC.swift in Sources */ = {isa = PBXBuildFile; fileRef = E5C0EA5923F40CDF000E5A54 /* TableVC.swift */; };
		E5C0EA5C23F40CEE000E5A54 /* CollectionVC.swift in Sources */ = {isa = PBXBuildFile; fileRef = E5C0EA5B23F40CEE000E5A54 /* CollectionVC.swift */; };
		E5C0EA5E23F40D25000E5A54 /* IGVC.swift in Sources */ = {isa = PBXBuildFile; fileRef = E5C0EA5D23F40D25000E5A54 /* IGVC.swift */; };
		E5C0EA6023F41E33000E5A54 /* Diffable.swift in Sources */ = {isa = PBXBuildFile; fileRef = E5C0EA5F23F41E32000E5A54 /* Diffable.swift */; };
		E5C0EA6223F42CD8000E5A54 /* TextureVC.swift in Sources */ = {isa = PBXBuildFile; fileRef = E5C0EA6123F42CD8000E5A54 /* TextureVC.swift */; };
		E5C0EA6423F43029000E5A54 /* TextureIGListKitVC.swift in Sources */ = {isa = PBXBuildFile; fileRef = E5C0EA6323F43029000E5A54 /* TextureIGListKitVC.swift */; };
		E5C0EA6723F43046000E5A54 /* IGDataWrapper.swift in Sources */ = {isa = PBXBuildFile; fileRef = E5C0EA6623F43046000E5A54 /* IGDataWrapper.swift */; };
/* End PBXBuildFile section */

/* Begin PBXFileReference section */
		2E890001D1AEB0A4E40BDCF9 /* Pods-PlayProject.debug.xcconfig */ = {isa = PBXFileReference; includeInIndex = 1; lastKnownFileType = text.xcconfig; name = "Pods-PlayProject.debug.xcconfig"; path = "Target Support Files/Pods-PlayProject/Pods-PlayProject.debug.xcconfig"; sourceTree = "<group>"; };
		3F1CB67225FB0F8339FF5D91 /* Pods_PlayProject.framework */ = {isa = PBXFileReference; explicitFileType = wrapper.framework; includeInIndex = 0; path = Pods_PlayProject.framework; sourceTree = BUILT_PRODUCTS_DIR; };
		E5C0EA3D23F40998000E5A54 /* PlayProject.app */ = {isa = PBXFileReference; explicitFileType = wrapper.application; includeInIndex = 0; path = PlayProject.app; sourceTree = BUILT_PRODUCTS_DIR; };
		E5C0EA4023F40998000E5A54 /* AppDelegate.swift */ = {isa = PBXFileReference; lastKnownFileType = sourcecode.swift; path = AppDelegate.swift; sourceTree = "<group>"; };
		E5C0EA4223F40998000E5A54 /* SceneDelegate.swift */ = {isa = PBXFileReference; lastKnownFileType = sourcecode.swift; path = SceneDelegate.swift; sourceTree = "<group>"; };
		E5C0EA4423F40998000E5A54 /* ViewController.swift */ = {isa = PBXFileReference; lastKnownFileType = sourcecode.swift; path = ViewController.swift; sourceTree = "<group>"; };
		E5C0EA4923F4099C000E5A54 /* Assets.xcassets */ = {isa = PBXFileReference; lastKnownFileType = folder.assetcatalog; path = Assets.xcassets; sourceTree = "<group>"; };
		E5C0EA4C23F4099C000E5A54 /* Base */ = {isa = PBXFileReference; lastKnownFileType = file.storyboard; name = Base; path = Base.lproj/LaunchScreen.storyboard; sourceTree = "<group>"; };
		E5C0EA4E23F4099C000E5A54 /* Info.plist */ = {isa = PBXFileReference; lastKnownFileType = text.plist.xml; path = Info.plist; sourceTree = "<group>"; };
		E5C0EA5523F40C5A000E5A54 /* UIView+Autolayout.swift */ = {isa = PBXFileReference; lastKnownFileType = sourcecode.swift; path = "UIView+Autolayout.swift"; sourceTree = "<group>"; };
		E5C0EA5723F40CC8000E5A54 /* StaticVC.swift */ = {isa = PBXFileReference; lastKnownFileType = sourcecode.swift; path = StaticVC.swift; sourceTree = "<group>"; };
		E5C0EA5923F40CDF000E5A54 /* TableVC.swift */ = {isa = PBXFileReference; lastKnownFileType = sourcecode.swift; path = TableVC.swift; sourceTree = "<group>"; };
		E5C0EA5B23F40CEE000E5A54 /* CollectionVC.swift */ = {isa = PBXFileReference; lastKnownFileType = sourcecode.swift; path = CollectionVC.swift; sourceTree = "<group>"; };
		E5C0EA5D23F40D25000E5A54 /* IGVC.swift */ = {isa = PBXFileReference; lastKnownFileType = sourcecode.swift; path = IGVC.swift; sourceTree = "<group>"; };
		E5C0EA5F23F41E32000E5A54 /* Diffable.swift */ = {isa = PBXFileReference; lastKnownFileType = sourcecode.swift; path = Diffable.swift; sourceTree = "<group>"; };
		E5C0EA6123F42CD8000E5A54 /* TextureVC.swift */ = {isa = PBXFileReference; lastKnownFileType = sourcecode.swift; path = TextureVC.swift; sourceTree = "<group>"; };
		E5C0EA6323F43029000E5A54 /* TextureIGListKitVC.swift */ = {isa = PBXFileReference; lastKnownFileType = sourcecode.swift; path = TextureIGListKitVC.swift; sourceTree = "<group>"; };
		E5C0EA6623F43046000E5A54 /* IGDataWrapper.swift */ = {isa = PBXFileReference; lastKnownFileType = sourcecode.swift; path = IGDataWrapper.swift; sourceTree = "<group>"; };
		E5C0EA6823F440D4000E5A54 /* PlayProject.entitlements */ = {isa = PBXFileReference; lastKnownFileType = text.plist.entitlements; path = PlayProject.entitlements; sourceTree = "<group>"; };
		F53C0EC986C47972EFF36C8D /* Pods-PlayProject.release.xcconfig */ = {isa = PBXFileReference; includeInIndex = 1; lastKnownFileType = text.xcconfig; name = "Pods-PlayProject.release.xcconfig"; path = "Target Support Files/Pods-PlayProject/Pods-PlayProject.release.xcconfig"; sourceTree = "<group>"; };
/* End PBXFileReference section */

/* Begin PBXFrameworksBuildPhase section */
		E5C0EA3A23F40998000E5A54 /* Frameworks */ = {
			isa = PBXFrameworksBuildPhase;
			buildActionMask = 2147483647;
			files = (
				27A7A25B4E44060262C639D0 /* Pods_PlayProject.framework in Frameworks */,
			);
			runOnlyForDeploymentPostprocessing = 0;
		};
/* End PBXFrameworksBuildPhase section */

/* Begin PBXGroup section */
		1DE0B0F9990D54915E6CE0C4 /* Pods */ = {
			isa = PBXGroup;
			children = (
				2E890001D1AEB0A4E40BDCF9 /* Pods-PlayProject.debug.xcconfig */,
				F53C0EC986C47972EFF36C8D /* Pods-PlayProject.release.xcconfig */,
			);
			path = Pods;
			sourceTree = "<group>";
		};
		E5C0EA3423F40998000E5A54 = {
			isa = PBXGroup;
			children = (
				E5C0EA3F23F40998000E5A54 /* PlayProject */,
				E5C0EA3E23F40998000E5A54 /* Products */,
				1DE0B0F9990D54915E6CE0C4 /* Pods */,
				FA0E54F62193473AE282C35C /* Frameworks */,
			);
			sourceTree = "<group>";
		};
		E5C0EA3E23F40998000E5A54 /* Products */ = {
			isa = PBXGroup;
			children = (
				E5C0EA3D23F40998000E5A54 /* PlayProject.app */,
			);
			name = Products;
			sourceTree = "<group>";
		};
		E5C0EA3F23F40998000E5A54 /* PlayProject */ = {
			isa = PBXGroup;
			children = (
				E5C0EA6823F440D4000E5A54 /* PlayProject.entitlements */,
				E5C0EA6523F43041000E5A54 /* Model */,
				E5C0EA5423F40BAA000E5A54 /* Utils */,
				E5C0EA4023F40998000E5A54 /* AppDelegate.swift */,
				E5C0EA4223F40998000E5A54 /* SceneDelegate.swift */,
				E5C0EA4423F40998000E5A54 /* ViewController.swift */,
				E5C0EA4923F4099C000E5A54 /* Assets.xcassets */,
				E5C0EA4B23F4099C000E5A54 /* LaunchScreen.storyboard */,
				E5C0EA4E23F4099C000E5A54 /* Info.plist */,
				E5C0EA5723F40CC8000E5A54 /* StaticVC.swift */,
				E5C0EA5923F40CDF000E5A54 /* TableVC.swift */,
				E5C0EA5B23F40CEE000E5A54 /* CollectionVC.swift */,
				E5C0EA5D23F40D25000E5A54 /* IGVC.swift */,
				E5C0EA6123F42CD8000E5A54 /* TextureVC.swift */,
				E5C0EA6323F43029000E5A54 /* TextureIGListKitVC.swift */,
			);
			path = PlayProject;
			sourceTree = "<group>";
		};
		E5C0EA5423F40BAA000E5A54 /* Utils */ = {
			isa = PBXGroup;
			children = (
				E5C0EA5523F40C5A000E5A54 /* UIView+Autolayout.swift */,
				E5C0EA5F23F41E32000E5A54 /* Diffable.swift */,
			);
			path = Utils;
			sourceTree = "<group>";
		};
		E5C0EA6523F43041000E5A54 /* Model */ = {
			isa = PBXGroup;
			children = (
				E5C0EA6623F43046000E5A54 /* IGDataWrapper.swift */,
			);
			path = Model;
			sourceTree = "<group>";
		};
		FA0E54F62193473AE282C35C /* Frameworks */ = {
			isa = PBXGroup;
			children = (
				3F1CB67225FB0F8339FF5D91 /* Pods_PlayProject.framework */,
			);
			name = Frameworks;
			sourceTree = "<group>";
		};
/* End PBXGroup section */

/* Begin PBXNativeTarget section */
		E5C0EA3C23F40998000E5A54 /* PlayProject */ = {
			isa = PBXNativeTarget;
			buildConfigurationList = E5C0EA5123F4099C000E5A54 /* Build configuration list for PBXNativeTarget "PlayProject" */;
			buildPhases = (
				EA1F9B19351B282BC825524B /* [CP] Check Pods Manifest.lock */,
				E5C0EA3923F40998000E5A54 /* Sources */,
				E5C0EA3A23F40998000E5A54 /* Frameworks */,
				E5C0EA3B23F40998000E5A54 /* Resources */,
				58A753F6CC497ACD99391DBB /* [CP] Embed Pods Frameworks */,
			);
			buildRules = (
			);
			dependencies = (
			);
			name = PlayProject;
			productName = PlayProject;
			productReference = E5C0EA3D23F40998000E5A54 /* PlayProject.app */;
			productType = "com.apple.product-type.application";
		};
/* End PBXNativeTarget section */

/* Begin PBXProject section */
		E5C0EA3523F40998000E5A54 /* Project object */ = {
			isa = PBXProject;
			attributes = {
				LastSwiftUpdateCheck = 1130;
				LastUpgradeCheck = 1130;
				ORGANIZATIONNAME = "Jefferson Setiawan";
				TargetAttributes = {
					E5C0EA3C23F40998000E5A54 = {
						CreatedOnToolsVersion = 11.3.1;
					};
				};
			};
			buildConfigurationList = E5C0EA3823F40998000E5A54 /* Build configuration list for PBXProject "PlayProject" */;
			compatibilityVersion = "Xcode 9.3";
			developmentRegion = en;
			hasScannedForEncodings = 0;
			knownRegions = (
				en,
				Base,
			);
			mainGroup = E5C0EA3423F40998000E5A54;
			productRefGroup = E5C0EA3E23F40998000E5A54 /* Products */;
			projectDirPath = "";
			projectRoot = "";
			targets = (
				E5C0EA3C23F40998000E5A54 /* PlayProject */,
			);
		};
/* End PBXProject section */

/* Begin PBXResourcesBuildPhase section */
		E5C0EA3B23F40998000E5A54 /* Resources */ = {
			isa = PBXResourcesBuildPhase;
			buildActionMask = 2147483647;
			files = (
				E5C0EA4D23F4099C000E5A54 /* LaunchScreen.storyboard in Resources */,
				E5C0EA4A23F4099C000E5A54 /* Assets.xcassets in Resources */,
			);
			runOnlyForDeploymentPostprocessing = 0;
		};
/* End PBXResourcesBuildPhase section */

/* Begin PBXShellScriptBuildPhase section */
		58A753F6CC497ACD99391DBB /* [CP] Embed Pods Frameworks */ = {
			isa = PBXShellScriptBuildPhase;
			buildActionMask = 2147483647;
			files = (
			);
			inputFileListPaths = (
				"${PODS_ROOT}/Target Support Files/Pods-PlayProject/Pods-PlayProject-frameworks-${CONFIGURATION}-input-files.xcfilelist",
			);
			name = "[CP] Embed Pods Frameworks";
			outputFileListPaths = (
				"${PODS_ROOT}/Target Support Files/Pods-PlayProject/Pods-PlayProject-frameworks-${CONFIGURATION}-output-files.xcfilelist",
			);
			runOnlyForDeploymentPostprocessing = 0;
			shellPath = /bin/sh;
			shellScript = "\"${PODS_ROOT}/Target Support Files/Pods-PlayProject/Pods-PlayProject-frameworks.sh\"\n";
			showEnvVarsInLog = 0;
		};
		EA1F9B19351B282BC825524B /* [CP] Check Pods Manifest.lock */ = {
			isa = PBXShellScriptBuildPhase;
			buildActionMask = 2147483647;
			files = (
			);
			inputFileListPaths = (
			);
			inputPaths = (
				"${PODS_PODFILE_DIR_PATH}/Podfile.lock",
				"${PODS_ROOT}/Manifest.lock",
			);
			name = "[CP] Check Pods Manifest.lock";
			outputFileListPaths = (
			);
			outputPaths = (
				"$(DERIVED_FILE_DIR)/Pods-PlayProject-checkManifestLockResult.txt",
			);
			runOnlyForDeploymentPostprocessing = 0;
			shellPath = /bin/sh;
			shellScript = "diff \"${PODS_PODFILE_DIR_PATH}/Podfile.lock\" \"${PODS_ROOT}/Manifest.lock\" > /dev/null\nif [ $? != 0 ] ; then\n    # print error to STDERR\n    echo \"error: The sandbox is not in sync with the Podfile.lock. Run 'pod install' or update your CocoaPods installation.\" >&2\n    exit 1\nfi\n# This output is used by Xcode 'outputs' to avoid re-running this script phase.\necho \"SUCCESS\" > \"${SCRIPT_OUTPUT_FILE_0}\"\n";
			showEnvVarsInLog = 0;
		};
/* End PBXShellScriptBuildPhase section */

/* Begin PBXSourcesBuildPhase section */
		E5C0EA3923F40998000E5A54 /* Sources */ = {
			isa = PBXSourcesBuildPhase;
			buildActionMask = 2147483647;
			files = (
				E5C0EA5823F40CC8000E5A54 /* StaticVC.swift in Sources */,
				E5C0EA6723F43046000E5A54 /* IGDataWrapper.swift in Sources */,
				E5C0EA4523F40998000E5A54 /* ViewController.swift in Sources */,
				E5C0EA6423F43029000E5A54 /* TextureIGListKitVC.swift in Sources */,
				E5C0EA5623F40C5A000E5A54 /* UIView+Autolayout.swift in Sources */,
				E5C0EA6023F41E33000E5A54 /* Diffable.swift in Sources */,
				E5C0EA6223F42CD8000E5A54 /* TextureVC.swift in Sources */,
				E5C0EA5A23F40CDF000E5A54 /* TableVC.swift in Sources */,
				E5C0EA5C23F40CEE000E5A54 /* CollectionVC.swift in Sources */,
				E5C0EA4123F40998000E5A54 /* AppDelegate.swift in Sources */,
				E5C0EA5E23F40D25000E5A54 /* IGVC.swift in Sources */,
				E5C0EA4323F40998000E5A54 /* SceneDelegate.swift in Sources */,
			);
			runOnlyForDeploymentPostprocessing = 0;
		};
/* End PBXSourcesBuildPhase section */

/* Begin PBXVariantGroup section */
		E5C0EA4B23F4099C000E5A54 /* LaunchScreen.storyboard */ = {
			isa = PBXVariantGroup;
			children = (
				E5C0EA4C23F4099C000E5A54 /* Base */,
			);
			name = LaunchScreen.storyboard;
			sourceTree = "<group>";
		};
/* End PBXVariantGroup section */

/* Begin XCBuildConfiguration section */
		E5C0EA4F23F4099C000E5A54 /* Debug */ = {
			isa = XCBuildConfiguration;
			buildSettings = {
				ALWAYS_SEARCH_USER_PATHS = NO;
				CLANG_ANALYZER_NONNULL = YES;
				CLANG_ANALYZER_NUMBER_OBJECT_CONVERSION = YES_AGGRESSIVE;
				CLANG_CXX_LANGUAGE_STANDARD = "gnu++14";
				CLANG_CXX_LIBRARY = "libc++";
				CLANG_ENABLE_MODULES = YES;
				CLANG_ENABLE_OBJC_ARC = YES;
				CLANG_ENABLE_OBJC_WEAK = YES;
				CLANG_WARN_BLOCK_CAPTURE_AUTORELEASING = YES;
				CLANG_WARN_BOOL_CONVERSION = YES;
				CLANG_WARN_COMMA = YES;
				CLANG_WARN_CONSTANT_CONVERSION = YES;
				CLANG_WARN_DEPRECATED_OBJC_IMPLEMENTATIONS = YES;
				CLANG_WARN_DIRECT_OBJC_ISA_USAGE = YES_ERROR;
				CLANG_WARN_DOCUMENTATION_COMMENTS = YES;
				CLANG_WARN_EMPTY_BODY = YES;
				CLANG_WARN_ENUM_CONVERSION = YES;
				CLANG_WARN_INFINITE_RECURSION = YES;
				CLANG_WARN_INT_CONVERSION = YES;
				CLANG_WARN_NON_LITERAL_NULL_CONVERSION = YES;
				CLANG_WARN_OBJC_IMPLICIT_RETAIN_SELF = YES;
				CLANG_WARN_OBJC_LITERAL_CONVERSION = YES;
				CLANG_WARN_OBJC_ROOT_CLASS = YES_ERROR;
				CLANG_WARN_RANGE_LOOP_ANALYSIS = YES;
				CLANG_WARN_STRICT_PROTOTYPES = YES;
				CLANG_WARN_SUSPICIOUS_MOVE = YES;
				CLANG_WARN_UNGUARDED_AVAILABILITY = YES_AGGRESSIVE;
				CLANG_WARN_UNREACHABLE_CODE = YES;
				CLANG_WARN__DUPLICATE_METHOD_MATCH = YES;
				COPY_PHASE_STRIP = NO;
				DEBUG_INFORMATION_FORMAT = dwarf;
				ENABLE_STRICT_OBJC_MSGSEND = YES;
				ENABLE_TESTABILITY = YES;
				GCC_C_LANGUAGE_STANDARD = gnu11;
				GCC_DYNAMIC_NO_PIC = NO;
				GCC_NO_COMMON_BLOCKS = YES;
				GCC_OPTIMIZATION_LEVEL = 0;
				GCC_PREPROCESSOR_DEFINITIONS = (
					"DEBUG=1",
					"$(inherited)",
				);
				GCC_WARN_64_TO_32_BIT_CONVERSION = YES;
				GCC_WARN_ABOUT_RETURN_TYPE = YES_ERROR;
				GCC_WARN_UNDECLARED_SELECTOR = YES;
				GCC_WARN_UNINITIALIZED_AUTOS = YES_AGGRESSIVE;
				GCC_WARN_UNUSED_FUNCTION = YES;
				GCC_WARN_UNUSED_VARIABLE = YES;
				IPHONEOS_DEPLOYMENT_TARGET = 13.2;
				MTL_ENABLE_DEBUG_INFO = INCLUDE_SOURCE;
				MTL_FAST_MATH = YES;
				ONLY_ACTIVE_ARCH = YES;
				SDKROOT = iphoneos;
				SWIFT_ACTIVE_COMPILATION_CONDITIONS = DEBUG;
				SWIFT_OPTIMIZATION_LEVEL = "-Onone";
			};
			name = Debug;
		};
		E5C0EA5023F4099C000E5A54 /* Release */ = {
			isa = XCBuildConfiguration;
			buildSettings = {
				ALWAYS_SEARCH_USER_PATHS = NO;
				CLANG_ANALYZER_NONNULL = YES;
				CLANG_ANALYZER_NUMBER_OBJECT_CONVERSION = YES_AGGRESSIVE;
				CLANG_CXX_LANGUAGE_STANDARD = "gnu++14";
				CLANG_CXX_LIBRARY = "libc++";
				CLANG_ENABLE_MODULES = YES;
				CLANG_ENABLE_OBJC_ARC = YES;
				CLANG_ENABLE_OBJC_WEAK = YES;
				CLANG_WARN_BLOCK_CAPTURE_AUTORELEASING = YES;
				CLANG_WARN_BOOL_CONVERSION = YES;
				CLANG_WARN_COMMA = YES;
				CLANG_WARN_CONSTANT_CONVERSION = YES;
				CLANG_WARN_DEPRECATED_OBJC_IMPLEMENTATIONS = YES;
				CLANG_WARN_DIRECT_OBJC_ISA_USAGE = YES_ERROR;
				CLANG_WARN_DOCUMENTATION_COMMENTS = YES;
				CLANG_WARN_EMPTY_BODY = YES;
				CLANG_WARN_ENUM_CONVERSION = YES;
				CLANG_WARN_INFINITE_RECURSION = YES;
				CLANG_WARN_INT_CONVERSION = YES;
				CLANG_WARN_NON_LITERAL_NULL_CONVERSION = YES;
				CLANG_WARN_OBJC_IMPLICIT_RETAIN_SELF = YES;
				CLANG_WARN_OBJC_LITERAL_CONVERSION = YES;
				CLANG_WARN_OBJC_ROOT_CLASS = YES_ERROR;
				CLANG_WARN_RANGE_LOOP_ANALYSIS = YES;
				CLANG_WARN_STRICT_PROTOTYPES = YES;
				CLANG_WARN_SUSPICIOUS_MOVE = YES;
				CLANG_WARN_UNGUARDED_AVAILABILITY = YES_AGGRESSIVE;
				CLANG_WARN_UNREACHABLE_CODE = YES;
				CLANG_WARN__DUPLICATE_METHOD_MATCH = YES;
				COPY_PHASE_STRIP = NO;
				DEBUG_INFORMATION_FORMAT = "dwarf-with-dsym";
				ENABLE_NS_ASSERTIONS = NO;
				ENABLE_STRICT_OBJC_MSGSEND = YES;
				GCC_C_LANGUAGE_STANDARD = gnu11;
				GCC_NO_COMMON_BLOCKS = YES;
				GCC_WARN_64_TO_32_BIT_CONVERSION = YES;
				GCC_WARN_ABOUT_RETURN_TYPE = YES_ERROR;
				GCC_WARN_UNDECLARED_SELECTOR = YES;
				GCC_WARN_UNINITIALIZED_AUTOS = YES_AGGRESSIVE;
				GCC_WARN_UNUSED_FUNCTION = YES;
				GCC_WARN_UNUSED_VARIABLE = YES;
				IPHONEOS_DEPLOYMENT_TARGET = 13.2;
				MTL_ENABLE_DEBUG_INFO = NO;
				MTL_FAST_MATH = YES;
				SDKROOT = iphoneos;
				SWIFT_COMPILATION_MODE = wholemodule;
				SWIFT_OPTIMIZATION_LEVEL = "-O";
				VALIDATE_PRODUCT = YES;
			};
			name = Release;
		};
		E5C0EA5223F4099C000E5A54 /* Debug */ = {
			isa = XCBuildConfiguration;
			baseConfigurationReference = 2E890001D1AEB0A4E40BDCF9 /* Pods-PlayProject.debug.xcconfig */;
			buildSettings = {
				ASSETCATALOG_COMPILER_APPICON_NAME = AppIcon;
				CODE_SIGN_ENTITLEMENTS = PlayProject/PlayProject.entitlements;
				CODE_SIGN_STYLE = Automatic;
				DERIVE_MACCATALYST_PRODUCT_BUNDLE_IDENTIFIER = YES;
				DEVELOPMENT_TEAM = Y4SHBBLB3Q;
				INFOPLIST_FILE = PlayProject/Info.plist;
				LD_RUNPATH_SEARCH_PATHS = (
					"$(inherited)",
					"@executable_path/Frameworks",
				);
				PRODUCT_BUNDLE_IDENTIFIER = com.jeffersonsetiawan.PlayProject;
				PRODUCT_NAME = "$(TARGET_NAME)";
				SUPPORTS_MACCATALYST = YES;
				SWIFT_VERSION = 5.0;
				TARGETED_DEVICE_FAMILY = "1,2";
			};
			name = Debug;
		};
		E5C0EA5323F4099C000E5A54 /* Release */ = {
			isa = XCBuildConfiguration;
			baseConfigurationReference = F53C0EC986C47972EFF36C8D /* Pods-PlayProject.release.xcconfig */;
			buildSettings = {
				ASSETCATALOG_COMPILER_APPICON_NAME = AppIcon;
				CODE_SIGN_ENTITLEMENTS = PlayProject/PlayProject.entitlements;
				CODE_SIGN_STYLE = Automatic;
				DERIVE_MACCATALYST_PRODUCT_BUNDLE_IDENTIFIER = YES;
				DEVELOPMENT_TEAM = Y4SHBBLB3Q;
				INFOPLIST_FILE = PlayProject/Info.plist;
				LD_RUNPATH_SEARCH_PATHS = (
					"$(inherited)",
					"@executable_path/Frameworks",
				);
				PRODUCT_BUNDLE_IDENTIFIER = com.jeffersonsetiawan.PlayProject;
				PRODUCT_NAME = "$(TARGET_NAME)";
				SUPPORTS_MACCATALYST = YES;
				SWIFT_VERSION = 5.0;
				TARGETED_DEVICE_FAMILY = "1,2";
			};
			name = Release;
		};
/* End XCBuildConfiguration section */

/* Begin XCConfigurationList section */
		E5C0EA3823F40998000E5A54 /* Build configuration list for PBXProject "PlayProject" */ = {
			isa = XCConfigurationList;
			buildConfigurations = (
				E5C0EA4F23F4099C000E5A54 /* Debug */,
				E5C0EA5023F4099C000E5A54 /* Release */,
			);
			defaultConfigurationIsVisible = 0;
			defaultConfigurationName = Release;
		};
		E5C0EA5123F4099C000E5A54 /* Build configuration list for PBXNativeTarget "PlayProject" */ = {
			isa = XCConfigurationList;
			buildConfigurations = (
				E5C0EA5223F4099C000E5A54 /* Debug */,
				E5C0EA5323F4099C000E5A54 /* Release */,
			);
			defaultConfigurationIsVisible = 0;
			defaultConfigurationName = Release;
		};
/* End XCConfigurationList section */
	};
	rootObject = E5C0EA3523F40998000E5A54 /* Project object */;
}
